
Microsoft Visual Studio Solution File, Format Version 12.00
# Visual Studio Version 17
VisualStudioVersion = 17.4.33205.214
MinimumVisualStudioVersion = 10.0.40219.1
Project("{FAE04EC0-301F-11D3-BF4B-00C04F79EFBC}") = "ESCSim", "ESCSim\ESCSim.csproj", "{EAA64DF8-82DF-4D1C-8C8B-099686716970}"
EndProject
Global
	GlobalSection(SolutionConfigurationPlatforms) = preSolution
		Debug|Any CPU = Debug|Any CPU
		Release|Any CPU = Release|Any CPU
	EndGlobalSection
	GlobalSection(ProjectConfigurationPlatforms) = postSolution
		{EAA64DF8-82DF-4D1C-8C8B-099686716970}.Debug|Any CPU.ActiveCfg = Debug|Any CPU
		{EAA64DF8-82DF-4D1C-8C8B-099686716970}.Debug|Any CPU.Build.0 = Debug|Any CPU
		{EAA64DF8-82DF-4D1C-8C8B-099686716970}.Release|Any CPU.ActiveCfg = Release|Any CPU
		{EAA64DF8-82DF-4D1C-8C8B-099686716970}.Release|Any CPU.Build.0 = Release|Any CPU
	EndGlobalSection
	GlobalSection(SolutionProperties) = preSolution
		HideSolutionNode = FALSE
	EndGlobalSection
	GlobalSection(ExtensibilityGlobals) = postSolution
		SolutionGuid = {DA8FF722-7A20-4AE0-8735-34F9159FB32F}
	EndGlobalSection
EndGlobal
